
Microsoft Visual Studio Solution File, Format Version 12.00
# Visual Studio Version 17
VisualStudioVersion = 17.14.36518.9 d17.14
MinimumVisualStudioVersion = 10.0.40219.1
Project("{FAE04EC0-301F-11D3-BF4B-00C04F79EFBC}") = "StudioExam", "StudioExam\StudioExam.csproj", "{05C7DDD8-D0E6-4BBD-9EF6-E0D550A04D6C}"
EndProject
Global
	GlobalSection(SolutionConfigurationPlatforms) = preSolution
		Debug|Any CPU = Debug|Any CPU
		Release|Any CPU = Release|Any CPU
	EndGlobalSection
	GlobalSection(ProjectConfigurationPlatforms) = postSolution
		{05C7DDD8-D0E6-4BBD-9EF6-E0D550A04D6C}.Debug|Any CPU.ActiveCfg = Debug|Any CPU
		{05C7DDD8-D0E6-4BBD-9EF6-E0D550A04D6C}.Debug|Any CPU.Build.0 = Debug|Any CPU
		{05C7DDD8-D0E6-4BBD-9EF6-E0D550A04D6C}.Release|Any CPU.ActiveCfg = Release|Any CPU
		{05C7DDD8-D0E6-4BBD-9EF6-E0D550A04D6C}.Release|Any CPU.Build.0 = Release|Any CPU
	EndGlobalSection
	GlobalSection(SolutionProperties) = preSolution
		HideSolutionNode = FALSE
	EndGlobalSection
	GlobalSection(ExtensibilityGlobals) = postSolution
		SolutionGuid = {AF2C2CB4-D289-4A76-8DF1-9E08B2820BC3}
	EndGlobalSection
EndGlobal
